# This file is automatically @generated by Poetry 2.1.3 and should not be changed by hand.

[[package]]
name = "lorem"
version = "0.1.1"
description = "Generator for random text that looks like Latin."
optional = false
python-versions = "*"
groups = ["main"]
files = [
    {file = "lorem-0.1.1-py3-none-any.whl", hash = "sha256:c9c2914b5a772022417c398bd74b7bbd712e73ff029ba82720855e458f13ae42"},
    {file = "lorem-0.1.1.tar.gz", hash = "sha256:785f4109a241fc2891e59705e85d065f6e6d3ed6ad91750a8cb54d4f3e59d934"},
]

[metadata]
lock-version = "2.1"
python-versions = ">=3.13"
content-hash = "27219c2d5cf6d5a34974150457a4d6aed43c2800c7aa3dd92fab54413589eacc"
